{
  "name": "utils",
  "version": "1.0.0",
  "lockfileVersion": 1,
  "requires": true,
  "dependencies": {
    "node-promise": {
      "version": "0.5.14",
      "resolved": "https://registry.npmjs.org/node-promise/-/node-promise-0.5.14.tgz",
      "integrity": "sha512-kbd+ABY2XRdByRVHPcBDemymfNL8+msGyKNxG/ziZnh9RjneuuGQl3/CE5UkNWxCInkJS+ztc5B31/t2kIO4Yw=="
    },
    "promises": {
      "version": "0.2.5",
      "resolved": "https://registry.npmjs.org/promises/-/promises-0.2.5.tgz",
      "integrity": "sha1-X1lHxR7S0p1H6Nzz4Vj0wadesx0="
    }
  }
}
